{
  "nodes": {
    "nixpkgs": {
      "flake": false,
      "locked": {
        "lastModified": 1383249160,
        "narHash": "sha256-syp9gorPB3r5lYUW++r1VqrbwZuM4bNrP8lbtT/lH+k=",
        "owner": "NixOS",
        "repo": "nixpkgs",
        "rev": "139ff6d52f7f2840ce129124daeb563336ca75ac",
        "type": "github"
      },
      "original": {
        "owner": "NixOS",
        "repo": "nixpkgs",
        "rev": "139ff6d52f7f2840ce129124daeb563336ca75ac",
        "type": "github"
      }
    },
    "root": {
      "inputs": {
        "nixpkgs": "nixpkgs"
      }
    }
  },
  "root": "root",
  "version": 7
}
